{
  "name": "ftx-dca-bot",
  "version": "1.0.0",
  "lockfileVersion": 2,
  "requires": true,
  "packages": {
    "": {
      "name": "ftx-dca-bot",
      "version": "1.0.0",
      "license": "ISC",
      "dependencies": {
        "dotenv": "^16.0.0",
        "ftx-api-rest-extended": "^1.1.1",
        "node-cron": "^4.0.0"
      }
    },
    "node_modules/dotenv": {
      "version": "16.0.0",
      "resolved": "https://registry.npmjs.org/dotenv/-/dotenv-16.0.0.tgz",
      "integrity": "sha512-qD9WU0MPM4SWLPJy/r2Be+2WgQj8plChsyrCNQzW/0WjvcJQiKQJ9mH3ZgB3fxbUUxgc/11ZJ0Fi5KiimWGz2Q==",
      "engines": {
        "node": ">=12"
      }
    },
    "node_modules/ftx-api-rest": {
      "version": "0.0.7",
      "resolved": "https://registry.npmjs.org/ftx-api-rest/-/ftx-api-rest-0.0.7.tgz",
      "integrity": "sha512-+wAba36DJuW0hNz/rTc0GtmcYILEfxLC0mXW3o/9txDO3mWLUSHhRSHN87RkmYWB9xf54S926K/CrYBk5ibbyg==",
      "license": "MIT"
    },
    "node_modules/ftx-api-rest-extended": {
      "version": "1.1.1",
      "resolved": "https://registry.npmjs.org/ftx-api-rest-extended/-/ftx-api-rest-extended-1.1.1.tgz",
      "integrity": "sha512-C6FzTz9UOTOZ2ETDeCNBUoqM7uQVM2VWtu2/tFICNMrPT7UlF6NUBgZQAwtHnR/7jzZhtZGnClsqpMXUcES2bw==",
      "dependencies": {
        "ftx-api-rest": "^0.0.7"
      }
    },
    "node_modules/node-cron": {
      "version": "4.6.0",
      "resolved": "https://registry.npmjs.org/node-cron/-/node-cron-4.6.0.tgz",
      "integrity": "sha512-Si/bzYiKRHOB8/a99T2+SDGN582ONDMSTlJr5oCkT6GtnqPjZ2s10eoQRYkW9ZHwjVxONL+W8Fb+qR0AHMQsdg==",
      "engines": {
        "node": ">=20"
      }
    }
  },
  "dependencies": {
    "dotenv": {
      "version": "16.0.0",
      "resolved": "https://registry.npmjs.org/dotenv/-/dotenv-16.0.0.tgz",
      "integrity": "sha512-qD9WU0MPM4SWLPJy/r2Be+2WgQj8plChsyrCNQzW/0WjvcJQiKQJ9mH3ZgB3fxbUUxgc/11ZJ0Fi5KiimWGz2Q=="
    },
    "ftx-api-rest": {
      "version": "0.0.7",
      "resolved": "https://registry.npmjs.org/ftx-api-rest/-/ftx-api-rest-0.0.7.tgz",
      "integrity": "sha512-+wAba36DJuW0hNz/rTc0GtmcYILEfxLC0mXW3o/9txDO3mWLUSHhRSHN87RkmYWB9xf54S926K/CrYBk5ibbyg=="
    },
    "ftx-api-rest-extended": {
      "version": "1.1.1",
      "resolved": "https://registry.npmjs.org/ftx-api-rest-extended/-/ftx-api-rest-extended-1.1.1.tgz",
      "integrity": "sha512-C6FzTz9UOTOZ2ETDeCNBUoqM7uQVM2VWtu2/tFICNMrPT7UlF6NUBgZQAwtHnR/7jzZhtZGnClsqpMXUcES2bw==",
      "requires": {
        "ftx-api-rest": "^0.0.7"
      }
    },
    "node-cron": {
      "version": "4.6.0",
      "resolved": "https://registry.npmjs.org/node-cron/-/node-cron-4.6.0.tgz",
      "integrity": "sha512-Si/bzYiKRHOB8/a99T2+SDGN582ONDMSTlJr5oCkT6GtnqPjZ2s10eoQRYkW9ZHwjVxONL+W8Fb+qR0AHMQsdg=="
    }
  }
}
