{
  "name": "ftx-dca-bot",
  "version": "1.0.0",
  "lockfileVersion": 2,
  "requires": true,
  "packages": {
    "": {
      "name": "ftx-dca-bot",
      "version": "1.0.0",
      "license": "ISC",
      "dependencies": {
        "dotenv": "^16.0.0",
        "ftx-api-rest-extended": "^1.1.1",
        "node-cron": "^3.0.0"
      }
    },
    "node_modules/dotenv": {
      "version": "16.0.0",
      "resolved": "https://registry.npmjs.org/dotenv/-/dotenv-16.0.0.tgz",
      "integrity": "sha512-qD9WU0MPM4SWLPJy/r2Be+2WgQj8plChsyrCNQzW/0WjvcJQiKQJ9mH3ZgB3fxbUUxgc/11ZJ0Fi5KiimWGz2Q==",
      "engines": {
        "node": ">=12"
      }
    },
    "node_modules/ftx-api-rest": {
      "version": "0.0.7",
      "resolved": "https://registry.npmjs.org/ftx-api-rest/-/ftx-api-rest-0.0.7.tgz",
      "integrity": "sha512-+wAba36DJuW0hNz/rTc0GtmcYILEfxLC0mXW3o/9txDO3mWLUSHhRSHN87RkmYWB9xf54S926K/CrYBk5ibbyg==",
      "license": "MIT"
    },
    "node_modules/ftx-api-rest-extended": {
      "version": "1.1.1",
      "resolved": "https://registry.npmjs.org/ftx-api-rest-extended/-/ftx-api-rest-extended-1.1.1.tgz",
      "integrity": "sha512-C6FzTz9UOTOZ2ETDeCNBUoqM7uQVM2VWtu2/tFICNMrPT7UlF6NUBgZQAwtHnR/7jzZhtZGnClsqpMXUcES2bw==",
      "dependencies": {
        "ftx-api-rest": "^0.0.7"
      }
    },
    "node_modules/node-cron": {
      "version": "3.0.3",
      "resolved": "https://registry.npmjs.org/node-cron/-/node-cron-3.0.3.tgz",
      "integrity": "sha512-dOal67//nohNgYWb+nWmg5dkFdIwDm8EpeGYMekPMrngV3637lqnX0lbUcCtgibHTz6SEz7DAIjKvKDFYCnO1A==",
      "dependencies": {
        "uuid": "8.3.2"
      },
      "engines": {
        "node": ">=6.0.0"
      }
    },
    "node_modules/uuid": {
      "version": "8.3.2",
      "resolved": "https://registry.npmjs.org/uuid/-/uuid-8.3.2.tgz",
      "integrity": "sha512-+NYs2QeMWy+GWFOEm9xnn6HCDp0l7QBD7ml8zLUmJ+93Q5NF0NocErnwkTkXVFNiX3/fpC6afS8Dhb/gz7R7eg==",
      "bin": {
        "uuid": "dist/bin/uuid"
      }
    }
  },
  "dependencies": {
    "dotenv": {
      "version": "16.0.0",
      "resolved": "https://registry.npmjs.org/dotenv/-/dotenv-16.0.0.tgz",
      "integrity": "sha512-qD9WU0MPM4SWLPJy/r2Be+2WgQj8plChsyrCNQzW/0WjvcJQiKQJ9mH3ZgB3fxbUUxgc/11ZJ0Fi5KiimWGz2Q=="
    },
    "ftx-api-rest": {
      "version": "0.0.7",
      "resolved": "https://registry.npmjs.org/ftx-api-rest/-/ftx-api-rest-0.0.7.tgz",
      "integrity": "sha512-+wAba36DJuW0hNz/rTc0GtmcYILEfxLC0mXW3o/9txDO3mWLUSHhRSHN87RkmYWB9xf54S926K/CrYBk5ibbyg=="
    },
    "ftx-api-rest-extended": {
      "version": "1.1.1",
      "resolved": "https://registry.npmjs.org/ftx-api-rest-extended/-/ftx-api-rest-extended-1.1.1.tgz",
      "integrity": "sha512-C6FzTz9UOTOZ2ETDeCNBUoqM7uQVM2VWtu2/tFICNMrPT7UlF6NUBgZQAwtHnR/7jzZhtZGnClsqpMXUcES2bw==",
      "requires": {
        "ftx-api-rest": "^0.0.7"
      }
    },
    "node-cron": {
      "version": "3.0.3",
      "resolved": "https://registry.npmjs.org/node-cron/-/node-cron-3.0.3.tgz",
      "integrity": "sha512-dOal67//nohNgYWb+nWmg5dkFdIwDm8EpeGYMekPMrngV3637lqnX0lbUcCtgibHTz6SEz7DAIjKvKDFYCnO1A==",
      "requires": {
        "uuid": "8.3.2"
      }
    },
    "uuid": {
      "version": "8.3.2",
      "resolved": "https://registry.npmjs.org/uuid/-/uuid-8.3.2.tgz",
      "integrity": "sha512-+NYs2QeMWy+GWFOEm9xnn6HCDp0l7QBD7ml8zLUmJ+93Q5NF0NocErnwkTkXVFNiX3/fpC6afS8Dhb/gz7R7eg=="
    }
  }
}
